
Microsoft Visual Studio Solution File, Format Version 12.00
# Visual Studio Version 17
VisualStudioVersion = 17.14.37111.16
MinimumVisualStudioVersion = 10.0.40219.1
Project("{FAE04EC0-301F-11D3-BF4B-00C04F79EFBC}") = "Maktabi", "employee.front\Maktabi.csproj", "{388FD060-8D45-467F-A641-5248195C707E}"
EndProject
Global
	GlobalSection(SolutionConfigurationPlatforms) = preSolution
		Debug|Any CPU = Debug|Any CPU
		Release|Any CPU = Release|Any CPU
	EndGlobalSection
	GlobalSection(ProjectConfigurationPlatforms) = postSolution
		{388FD060-8D45-467F-A641-5248195C707E}.Debug|Any CPU.ActiveCfg = Debug|Any CPU
		{388FD060-8D45-467F-A641-5248195C707E}.Debug|Any CPU.Build.0 = Debug|Any CPU
		{388FD060-8D45-467F-A641-5248195C707E}.Release|Any CPU.ActiveCfg = Release|Any CPU
		{388FD060-8D45-467F-A641-5248195C707E}.Release|Any CPU.Build.0 = Release|Any CPU
	EndGlobalSection
	GlobalSection(SolutionProperties) = preSolution
		HideSolutionNode = FALSE
	EndGlobalSection
	GlobalSection(ExtensibilityGlobals) = postSolution
		SolutionGuid = {993E4E66-3BCE-4315-854D-5E5D81C41B1D}
	EndGlobalSection
EndGlobal
